{
  "name": "ngx-tiny-slider",
  "version": "0.0.6",
  "lockfileVersion": 1,
  "requires": true,
  "dependencies": {
    "tiny-slider": {
      "version": "2.9.1",
      "resolved": "https://registry.npmjs.org/tiny-slider/-/tiny-slider-2.9.1.tgz",
      "integrity": "sha1-XEpf8HFdTqpboFvgPZ/aXwLtJjk="
    }
  }
}
