{
  "name": "ngx-tiny-slider",
  "version": "1.0.2",
  "lockfileVersion": 1,
  "requires": true,
  "dependencies": {
    "tiny-slider": {
      "version": "2.9.2",
      "resolved": "https://registry.npmjs.org/tiny-slider/-/tiny-slider-2.9.2.tgz",
      "integrity": "sha512-2sgEJpVbpIbbgiYM/xGa0HMvvtUZSJvXeZJmLWBux6VgFqh/MQG8LXBR59ZLYpa/1OtwM0E6/ic55oLOJN9Mnw=="
    },
    "tslib": {
      "version": "2.4.0",
      "resolved": "https://registry.npmjs.org/tslib/-/tslib-2.4.0.tgz",
      "integrity": "sha512-d6xOpEDfsi2CZVlPQzGeux8XMwLT9hssAsaPYExaQMuYskwb+x1x7J371tWlbBdWHroy99KnVB6qIkUbs5X3UQ=="
    }
  }
}
